// !$*UTF8*$!
{
	archiveVersion = 1;
	classes = {
	};
	objectVersion = 46;
	objects = {

/* Begin PBXBuildFile section */
		0D4A128E1E4502C0000EFEC3 /* AppDelegate.m in Sources */ = {isa = PBXBuildFile; fileRef = 0D4A128D1E4502C0000EFEC3 /* AppDelegate.m */; };
		0D4A12911E4502C0000EFEC3 /* main.m in Sources */ = {isa = PBXBuildFile; fileRef = 0D4A12901E4502C0000EFEC3 /* main.m */; };
		0D4A12931E4502C0000EFEC3 /* Assets.xcassets in Resources */ = {isa = PBXBuildFile; fileRef = 0D4A12921E4502C0000EFEC3 /* Assets.xcassets */; };
		0D4A12961E4502C0000EFEC3 /* MainMenu.xib in Resources */ = {isa = PBXBuildFile; fileRef = 0D4A12941E4502C0000EFEC3 /* MainMenu.xib */; };
/* End PBXBuildFile section */

/* Begin PBXFileReference section */
		0D4A12891E4502C0000EFEC3 /* btrcd.app */ = {isa = PBXFileReference; explicitFileType = wrapper.application; includeInIndex = 0; path = btrcd.app; sourceTree = BUILT_PRODUCTS_DIR; };
		0D4A128C1E4502C0000EFEC3 /* AppDelegate.h */ = {isa = PBXFileReference; lastKnownFileType = sourcecode.c.h; path = AppDelegate.h; sourceTree = "<group>"; };
		0D4A128D1E4502C0000EFEC3 /* AppDelegate.m */ = {isa = PBXFileReference; lastKnownFileType = sourcecode.c.objc; path = AppDelegate.m; sourceTree = "<group>"; };
		0D4A12901E4502C0000EFEC3 /* main.m */ = {isa = PBXFileReference; lastKnownFileType = sourcecode.c.objc; path = main.m; sourceTree = "<group>"; };
		0D4A12921E4502C0000EFEC3 /* Assets.xcassets */ = {isa = PBXFileReference; lastKnownFileType = folder.assetcatalog; path = Assets.xcassets; sourceTree = "<group>"; };
		0D4A12951E4502C0000EFEC3 /* Base */ = {isa = PBXFileReference; lastKnownFileType = file.xib; name = Base; path = Base.lproj/MainMenu.xib; sourceTree = "<group>"; };
		0D4A12971E4502C0000EFEC3 /* Info.plist */ = {isa = PBXFileReference; lastKnownFileType = text.plist.xml; path = Info.plist; sourceTree = "<group>"; };
/* End PBXFileReference section */

/* Begin PBXFrameworksBuildPhase section */
		0D4A12861E4502C0000EFEC3 /* Frameworks */ = {
			isa = PBXFrameworksBuildPhase;
			buildActionMask = 2147483647;
			files = (
			);
			runOnlyForDeploymentPostprocessing = 0;
		};
/* End PBXFrameworksBuildPhase section */

/* Begin PBXGroup section */
		0D4A12801E4502C0000EFEC3 = {
			isa = PBXGroup;
			children = (
				0D4A128B1E4502C0000EFEC3 /* btrcd */,
				0D4A128A1E4502C0000EFEC3 /* Products */,
			);
			sourceTree = "<group>";
		};
		0D4A128A1E4502C0000EFEC3 /* Products */ = {
			isa = PBXGroup;
			children = (
				0D4A12891E4502C0000EFEC3 /* btrcd.app */,
			);
			name = Products;
			sourceTree = "<group>";
		};
		0D4A128B1E4502C0000EFEC3 /* btrcd */ = {
			isa = PBXGroup;
			children = (
				0D4A128C1E4502C0000EFEC3 /* AppDelegate.h */,
				0D4A128D1E4502C0000EFEC3 /* AppDelegate.m */,
				0D4A12921E4502C0000EFEC3 /* Assets.xcassets */,
				0D4A12941E4502C0000EFEC3 /* MainMenu.xib */,
				0D4A12971E4502C0000EFEC3 /* Info.plist */,
				0D4A128F1E4502C0000EFEC3 /* Supporting Files */,
			);
			path = btrcd;
			sourceTree = "<group>";
		};
		0D4A128F1E4502C0000EFEC3 /* Supporting Files */ = {
			isa = PBXGroup;
			children = (
				0D4A12901E4502C0000EFEC3 /* main.m */,
			);
			name = "Supporting Files";
			sourceTree = "<group>";
		};
/* End PBXGroup section */

/* Begin PBXNativeTarget section */
		0D4A12881E4502C0000EFEC3 /* btrcd */ = {
			isa = PBXNativeTarget;
			buildConfigurationList = 0D4A129A1E4502C0000EFEC3 /* Build configuration list for PBXNativeTarget "btrcd" */;
			buildPhases = (
				0D4A12851E4502C0000EFEC3 /* Sources */,
				0D4A12861E4502C0000EFEC3 /* Frameworks */,
				0D4A12871E4502C0000EFEC3 /* Resources */,
			);
			buildRules = (
			);
			dependencies = (
			);
			name = btrcd;
			productName = btrcd;
			productReference = 0D4A12891E4502C0000EFEC3 /* btrcd.app */;
			productType = "com.apple.product-type.application";
		};
/* End PBXNativeTarget section */

/* Begin PBXProject section */
		0D4A12811E4502C0000EFEC3 /* Project object */ = {
			isa = PBXProject;
			attributes = {
				LastUpgradeCheck = 0820;
				ORGANIZATIONNAME = hancox.us;
				TargetAttributes = {
					0D4A12881E4502C0000EFEC3 = {
						CreatedOnToolsVersion = 8.2.1;
						ProvisioningStyle = Automatic;
						SystemCapabilities = {
							com.apple.ApplicationGroups.Mac = {
								enabled = 0;
							};
							com.apple.Sandbox = {
								enabled = 0;
							};
						};
					};
				};
			};
			buildConfigurationList = 0D4A12841E4502C0000EFEC3 /* Build configuration list for PBXProject "btrcd" */;
			compatibilityVersion = "Xcode 3.2";
			developmentRegion = English;
			hasScannedForEncodings = 0;
			knownRegions = (
				en,
				Base,
			);
			mainGroup = 0D4A12801E4502C0000EFEC3;
			productRefGroup = 0D4A128A1E4502C0000EFEC3 /* Products */;
			projectDirPath = "";
			projectRoot = "";
			targets = (
				0D4A12881E4502C0000EFEC3 /* btrcd */,
			);
		};
/* End PBXProject section */

/* Begin PBXResourcesBuildPhase section */
		0D4A12871E4502C0000EFEC3 /* Resources */ = {
			isa = PBXResourcesBuildPhase;
			buildActionMask = 2147483647;
			files = (
				0D4A12931E4502C0000EFEC3 /* Assets.xcassets in Resources */,
				0D4A12961E4502C0000EFEC3 /* MainMenu.xib in Resources */,
			);
			runOnlyForDeploymentPostprocessing = 0;
		};
/* End PBXResourcesBuildPhase section */

/* Begin PBXSourcesBuildPhase section */
		0D4A12851E4502C0000EFEC3 /* Sources */ = {
			isa = PBXSourcesBuildPhase;
			buildActionMask = 2147483647;
			files = (
				0D4A12911E4502C0000EFEC3 /* main.m in Sources */,
				0D4A128E1E4502C0000EFEC3 /* AppDelegate.m in Sources */,
			);
			runOnlyForDeploymentPostprocessing = 0;
		};
/* End PBXSourcesBuildPhase section */

/* Begin PBXVariantGroup section */
		0D4A12941E4502C0000EFEC3 /* MainMenu.xib */ = {
			isa = PBXVariantGroup;
			children = (
				0D4A12951E4502C0000EFEC3 /* Base */,
			);
			name = MainMenu.xib;
			sourceTree = "<group>";
		};
/* End PBXVariantGroup section */

/* Begin XCBuildConfiguration section */
		0D4A12981E4502C0000EFEC3 /* Debug */ = {
			isa = XCBuildConfiguration;
			buildSettings = {
				ALWAYS_SEARCH_USER_PATHS = NO;
				CLANG_ANALYZER_NONNULL = YES;
				CLANG_CXX_LANGUAGE_STANDARD = "gnu++0x";
				CLANG_CXX_LIBRARY = "libc++";
				CLANG_ENABLE_MODULES = YES;
				CLANG_ENABLE_OBJC_ARC = YES;
				CLANG_WARN_BOOL_CONVERSION = YES;
				CLANG_WARN_CONSTANT_CONVERSION = YES;
				CLANG_WARN_DIRECT_OBJC_ISA_USAGE = YES_ERROR;
				CLANG_WARN_DOCUMENTATION_COMMENTS = YES;
				CLANG_WARN_EMPTY_BODY = YES;
				CLANG_WARN_ENUM_CONVERSION = YES;
				CLANG_WARN_INFINITE_RECURSION = YES;
				CLANG_WARN_INT_CONVERSION = YES;
				CLANG_WARN_OBJC_ROOT_CLASS = YES_ERROR;
				CLANG_WARN_SUSPICIOUS_MOVE = YES;
				CLANG_WARN_UNREACHABLE_CODE = YES;
				CLANG_WARN__DUPLICATE_METHOD_MATCH = YES;
				CODE_SIGN_IDENTITY = "-";
				COPY_PHASE_STRIP = NO;
				DEBUG_INFORMATION_FORMAT = dwarf;
				ENABLE_STRICT_OBJC_MSGSEND = YES;
				ENABLE_TESTABILITY = YES;
				GCC_C_LANGUAGE_STANDARD = gnu99;
				GCC_DYNAMIC_NO_PIC = NO;
				GCC_NO_COMMON_BLOCKS = YES;
				GCC_OPTIMIZATION_LEVEL = 0;
				GCC_PREPROCESSOR_DEFINITIONS = (
					"DEBUG=1",
					"$(inherited)",
				);
				GCC_WARN_64_TO_32_BIT_CONVERSION = YES;
				GCC_WARN_ABOUT_RETURN_TYPE = YES_ERROR;
				GCC_WARN_UNDECLARED_SELECTOR = YES;
				GCC_WARN_UNINITIALIZED_AUTOS = YES_AGGRESSIVE;
				GCC_WARN_UNUSED_FUNCTION = YES;
				GCC_WARN_UNUSED_VARIABLE = YES;
				MACOSX_DEPLOYMENT_TARGET = 10.12;
				MTL_ENABLE_DEBUG_INFO = YES;
				ONLY_ACTIVE_ARCH = YES;
				SDKROOT = macosx;
			};
			name = Debug;
		};
		0D4A12991E4502C0000EFEC3 /* Release */ = {
			isa = XCBuildConfiguration;
			buildSettings = {
				ALWAYS_SEARCH_USER_PATHS = NO;
				CLANG_ANALYZER_NONNULL = YES;
				CLANG_CXX_LANGUAGE_STANDARD = "gnu++0x";
				CLANG_CXX_LIBRARY = "libc++";
				CLANG_ENABLE_MODULES = YES;
				CLANG_ENABLE_OBJC_ARC = YES;
				CLANG_WARN_BOOL_CONVERSION = YES;
				CLANG_WARN_CONSTANT_CONVERSION = YES;
				CLANG_WARN_DIRECT_OBJC_ISA_USAGE = YES_ERROR;
				CLANG_WARN_DOCUMENTATION_COMMENTS = YES;
				CLANG_WARN_EMPTY_BODY = YES;
				CLANG_WARN_ENUM_CONVERSION = YES;
				CLANG_WARN_INFINITE_RECURSION = YES;
				CLANG_WARN_INT_CONVERSION = YES;
				CLANG_WARN_OBJC_ROOT_CLASS = YES_ERROR;
				CLANG_WARN_SUSPICIOUS_MOVE = YES;
				CLANG_WARN_UNREACHABLE_CODE = YES;
				CLANG_WARN__DUPLICATE_METHOD_MATCH = YES;
				CODE_SIGN_IDENTITY = "-";
				COPY_PHASE_STRIP = NO;
				DEBUG_INFORMATION_FORMAT = "dwarf-with-dsym";
				ENABLE_NS_ASSERTIONS = NO;
				ENABLE_STRICT_OBJC_MSGSEND = YES;
				GCC_C_LANGUAGE_STANDARD = gnu99;
				GCC_NO_COMMON_BLOCKS = YES;
				GCC_WARN_64_TO_32_BIT_CONVERSION = YES;
				GCC_WARN_ABOUT_RETURN_TYPE = YES_ERROR;
				GCC_WARN_UNDECLARED_SELECTOR = YES;
				GCC_WARN_UNINITIALIZED_AUTOS = YES_AGGRESSIVE;
				GCC_WARN_UNUSED_FUNCTION = YES;
				GCC_WARN_UNUSED_VARIABLE = YES;
				MACOSX_DEPLOYMENT_TARGET = 10.12;
				MTL_ENABLE_DEBUG_INFO = NO;
				SDKROOT = macosx;
			};
			name = Release;
		};
		0D4A129B1E4502C0000EFEC3 /* Debug */ = {
			isa = XCBuildConfiguration;
			buildSettings = {
				ASSETCATALOG_COMPILER_APPICON_NAME = AppIcon;
				COMBINE_HIDPI_IMAGES = YES;
				INFOPLIST_FILE = btrcd/Info.plist;
				LD_RUNPATH_SEARCH_PATHS = "$(inherited) @executable_path/../Frameworks";
				PRODUCT_BUNDLE_IDENTIFIER = us.hancox.btrcd;
				PRODUCT_NAME = "$(TARGET_NAME)";
			};
			name = Debug;
		};
		0D4A129C1E4502C0000EFEC3 /* Release */ = {
			isa = XCBuildConfiguration;
			buildSettings = {
				ASSETCATALOG_COMPILER_APPICON_NAME = AppIcon;
				COMBINE_HIDPI_IMAGES = YES;
				INFOPLIST_FILE = btrcd/Info.plist;
				LD_RUNPATH_SEARCH_PATHS = "$(inherited) @executable_path/../Frameworks";
				PRODUCT_BUNDLE_IDENTIFIER = us.hancox.btrcd;
				PRODUCT_NAME = "$(TARGET_NAME)";
			};
			name = Release;
		};
/* End XCBuildConfiguration section */

/* Begin XCConfigurationList section */
		0D4A12841E4502C0000EFEC3 /* Build configuration list for PBXProject "btrcd" */ = {
			isa = XCConfigurationList;
			buildConfigurations = (
				0D4A12981E4502C0000EFEC3 /* Debug */,
				0D4A12991E4502C0000EFEC3 /* Release */,
			);
			defaultConfigurationIsVisible = 0;
			defaultConfigurationName = Release;
		};
		0D4A129A1E4502C0000EFEC3 /* Build configuration list for PBXNativeTarget "btrcd" */ = {
			isa = XCConfigurationList;
			buildConfigurations = (
				0D4A129B1E4502C0000EFEC3 /* Debug */,
				0D4A129C1E4502C0000EFEC3 /* Release */,
			);
			defaultConfigurationIsVisible = 0;
		};
/* End XCConfigurationList section */
	};
	rootObject = 0D4A12811E4502C0000EFEC3 /* Project object */;
}
